
Microsoft Visual Studio Solution File, Format Version 12.00
# Visual Studio 15
Project("{FAE04EC0-301F-11D3-BF4B-00C04F79EFBC}") = "pokemon-db", "pokemon-db\pokemon-db.csproj", "{73E6A3DB-F791-4F63-9A28-509DA123070E}"
EndProject
Global
	GlobalSection(SolutionConfigurationPlatforms) = preSolution
		Debug|Any CPU = Debug|Any CPU
		Release|Any CPU = Release|Any CPU
	EndGlobalSection
	GlobalSection(ProjectConfigurationPlatforms) = postSolution
		{73E6A3DB-F791-4F63-9A28-509DA123070E}.Debug|Any CPU.ActiveCfg = Debug|Any CPU
		{73E6A3DB-F791-4F63-9A28-509DA123070E}.Debug|Any CPU.Build.0 = Debug|Any CPU
		{73E6A3DB-F791-4F63-9A28-509DA123070E}.Release|Any CPU.ActiveCfg = Release|Any CPU
		{73E6A3DB-F791-4F63-9A28-509DA123070E}.Release|Any CPU.Build.0 = Release|Any CPU
	EndGlobalSection
EndGlobal
